
Microsoft Visual Studio Solution File, Format Version 12.00
# Visual Studio 14
VisualStudioVersion = 14.0.25420.1
MinimumVisualStudioVersion = 10.0.40219.1
Project("{FAE04EC0-301F-11D3-BF4B-00C04F79EFBC}") = "Parserproject", "Parser\Parserproject.csproj", "{D290CCA1-A3D9-498E-AC5C-B234327B8D6D}"
EndProject
Project("{FAE04EC0-301F-11D3-BF4B-00C04F79EFBC}") = "ParserTest", "ParserTest\ParserTest.csproj", "{0E08EF3E-CBD4-4FD9-8244-6817F9ED1B1E}"
EndProject
Global
	GlobalSection(SolutionConfigurationPlatforms) = preSolution
		Debug|Any CPU = Debug|Any CPU
		Release|Any CPU = Release|Any CPU
	EndGlobalSection
	GlobalSection(ProjectConfigurationPlatforms) = postSolution
		{D290CCA1-A3D9-498E-AC5C-B234327B8D6D}.Debug|Any CPU.ActiveCfg = Debug|Any CPU
		{D290CCA1-A3D9-498E-AC5C-B234327B8D6D}.Debug|Any CPU.Build.0 = Debug|Any CPU
		{D290CCA1-A3D9-498E-AC5C-B234327B8D6D}.Release|Any CPU.ActiveCfg = Release|Any CPU
		{D290CCA1-A3D9-498E-AC5C-B234327B8D6D}.Release|Any CPU.Build.0 = Release|Any CPU
		{0E08EF3E-CBD4-4FD9-8244-6817F9ED1B1E}.Debug|Any CPU.ActiveCfg = Debug|Any CPU
		{0E08EF3E-CBD4-4FD9-8244-6817F9ED1B1E}.Debug|Any CPU.Build.0 = Debug|Any CPU
		{0E08EF3E-CBD4-4FD9-8244-6817F9ED1B1E}.Release|Any CPU.ActiveCfg = Release|Any CPU
		{0E08EF3E-CBD4-4FD9-8244-6817F9ED1B1E}.Release|Any CPU.Build.0 = Release|Any CPU
	EndGlobalSection
	GlobalSection(SolutionProperties) = preSolution
		HideSolutionNode = FALSE
	EndGlobalSection
EndGlobal
